
Microsoft Visual Studio Solution File, Format Version 12.00
# Visual Studio Version 16
VisualStudioVersion = 16.0.31911.196
MinimumVisualStudioVersion = 10.0.40219.1
Project("{FAE04EC0-301F-11D3-BF4B-00C04F79EFBC}") = "ATM System", "ATM System\ATM System.csproj", "{AA9E608B-D51A-44C7-BF4E-712D04B9AA4F}"
EndProject
Global
	GlobalSection(SolutionConfigurationPlatforms) = preSolution
		Debug|Any CPU = Debug|Any CPU
		Release|Any CPU = Release|Any CPU
	EndGlobalSection
	GlobalSection(ProjectConfigurationPlatforms) = postSolution
		{AA9E608B-D51A-44C7-BF4E-712D04B9AA4F}.Debug|Any CPU.ActiveCfg = Debug|Any CPU
		{AA9E608B-D51A-44C7-BF4E-712D04B9AA4F}.Debug|Any CPU.Build.0 = Debug|Any CPU
		{AA9E608B-D51A-44C7-BF4E-712D04B9AA4F}.Release|Any CPU.ActiveCfg = Release|Any CPU
		{AA9E608B-D51A-44C7-BF4E-712D04B9AA4F}.Release|Any CPU.Build.0 = Release|Any CPU
	EndGlobalSection
	GlobalSection(SolutionProperties) = preSolution
		HideSolutionNode = FALSE
	EndGlobalSection
	GlobalSection(ExtensibilityGlobals) = postSolution
		SolutionGuid = {6E021FEA-43D7-42D0-B2CF-B081FAD43EE4}
	EndGlobalSection
EndGlobal
